PODS:
  - BohdiEngine (1.1.28)

DEPENDENCIES:
  - BohdiEngine (from `../pods/BohdiEngine-pod`)

EXTERNAL SOURCES:
  BohdiEngine:
    :branch: develop
    :path: "../pods/BohdiEngine-pod"

SPEC CHECKSUMS:
  BohdiEngine: 56d5390fdfe01f6e7b304309bcd310555358eea1

PODFILE CHECKSUM: 1346d6b99e98a0a9053ed52b74fd49fb10327573

COCOAPODS: 1.5.0
