PODS:
  - BohdiEngine (1.1.14)

DEPENDENCIES:
  - BohdiEngine (from `https://github.com/sunpaq/BohdiEngine-pod.git`)

EXTERNAL SOURCES:
  BohdiEngine:
    :git: https://github.com/sunpaq/BohdiEngine-pod.git

CHECKOUT OPTIONS:
  BohdiEngine:
    :commit: cb4006eeb894304286bb66f6de88803bad0d037c
    :git: https://github.com/sunpaq/BohdiEngine-pod.git

SPEC CHECKSUMS:
  BohdiEngine: cc6111bec6f9bda888f42454915f09be3e3679da

PODFILE CHECKSUM: fb7c9cd85a9640e56ab883f3922c7fdf0aae5760

COCOAPODS: 1.5.0
