PODS:
  - BohdiEngine (1.1.23)

DEPENDENCIES:
  - BohdiEngine (from `../pods/BohdiEngine-pod`)

EXTERNAL SOURCES:
  BohdiEngine:
    :path: "../pods/BohdiEngine-pod"

SPEC CHECKSUMS:
  BohdiEngine: 2379a8bb2e63471c73be5b3c20ef7772dee84594

PODFILE CHECKSUM: 9ec223b0ef966dd449d65109bd0c1edcde76994c

COCOAPODS: 1.5.0
